
Microsoft Visual Studio Solution File, Format Version 12.00
# Visual Studio Version 16
VisualStudioVersion = 16.0.31605.320
MinimumVisualStudioVersion = 10.0.40219.1
Project("{FAE04EC0-301F-11D3-BF4B-00C04F79EFBC}") = "01_TypesAndVariables", "01_TypesAndVariables\01_TypesAndVariables.csproj", "{0F4E64BC-DF3C-43B6-B51E-BF69C9C9D7E5}"
EndProject
Project("{FAE04EC0-301F-11D3-BF4B-00C04F79EFBC}") = "02_Operators", "02_Operators\02_Operators.csproj", "{0DE3AEB8-FD7A-4072-9D12-E28DF2ED634B}"
EndProject
Project("{FAE04EC0-301F-11D3-BF4B-00C04F79EFBC}") = "03_Classes", "03_Classes\03_Classes.csproj", "{69B3ADFB-6D24-4B7B-847D-7258AF0914B4}"
EndProject
Project("{FAE04EC0-301F-11D3-BF4B-00C04F79EFBC}") = "00_MorningChallenges", "00_MorningChallenges\00_MorningChallenges.csproj", "{FD54BBD9-3D0B-4EEB-85D2-EEFC540189F1}"
EndProject
Project("{FAE04EC0-301F-11D3-BF4B-00C04F79EFBC}") = "04_Conditionals", "04_Conditionals\04_Conditionals.csproj", "{DD7258E3-FC1B-4C99-A5AE-1A2D22AF1333}"
EndProject
Global
	GlobalSection(SolutionConfigurationPlatforms) = preSolution
		Debug|Any CPU = Debug|Any CPU
		Release|Any CPU = Release|Any CPU
	EndGlobalSection
	GlobalSection(ProjectConfigurationPlatforms) = postSolution
		{0F4E64BC-DF3C-43B6-B51E-BF69C9C9D7E5}.Debug|Any CPU.ActiveCfg = Debug|Any CPU
		{0F4E64BC-DF3C-43B6-B51E-BF69C9C9D7E5}.Debug|Any CPU.Build.0 = Debug|Any CPU
		{0F4E64BC-DF3C-43B6-B51E-BF69C9C9D7E5}.Release|Any CPU.ActiveCfg = Release|Any CPU
		{0F4E64BC-DF3C-43B6-B51E-BF69C9C9D7E5}.Release|Any CPU.Build.0 = Release|Any CPU
		{0DE3AEB8-FD7A-4072-9D12-E28DF2ED634B}.Debug|Any CPU.ActiveCfg = Debug|Any CPU
		{0DE3AEB8-FD7A-4072-9D12-E28DF2ED634B}.Debug|Any CPU.Build.0 = Debug|Any CPU
		{0DE3AEB8-FD7A-4072-9D12-E28DF2ED634B}.Release|Any CPU.ActiveCfg = Release|Any CPU
		{0DE3AEB8-FD7A-4072-9D12-E28DF2ED634B}.Release|Any CPU.Build.0 = Release|Any CPU
		{69B3ADFB-6D24-4B7B-847D-7258AF0914B4}.Debug|Any CPU.ActiveCfg = Debug|Any CPU
		{69B3ADFB-6D24-4B7B-847D-7258AF0914B4}.Debug|Any CPU.Build.0 = Debug|Any CPU
		{69B3ADFB-6D24-4B7B-847D-7258AF0914B4}.Release|Any CPU.ActiveCfg = Release|Any CPU
		{69B3ADFB-6D24-4B7B-847D-7258AF0914B4}.Release|Any CPU.Build.0 = Release|Any CPU
		{FD54BBD9-3D0B-4EEB-85D2-EEFC540189F1}.Debug|Any CPU.ActiveCfg = Debug|Any CPU
		{FD54BBD9-3D0B-4EEB-85D2-EEFC540189F1}.Debug|Any CPU.Build.0 = Debug|Any CPU
		{FD54BBD9-3D0B-4EEB-85D2-EEFC540189F1}.Release|Any CPU.ActiveCfg = Release|Any CPU
		{FD54BBD9-3D0B-4EEB-85D2-EEFC540189F1}.Release|Any CPU.Build.0 = Release|Any CPU
		{DD7258E3-FC1B-4C99-A5AE-1A2D22AF1333}.Debug|Any CPU.ActiveCfg = Debug|Any CPU
		{DD7258E3-FC1B-4C99-A5AE-1A2D22AF1333}.Debug|Any CPU.Build.0 = Debug|Any CPU
		{DD7258E3-FC1B-4C99-A5AE-1A2D22AF1333}.Release|Any CPU.ActiveCfg = Release|Any CPU
		{DD7258E3-FC1B-4C99-A5AE-1A2D22AF1333}.Release|Any CPU.Build.0 = Release|Any CPU
	EndGlobalSection
	GlobalSection(SolutionProperties) = preSolution
		HideSolutionNode = FALSE
	EndGlobalSection
	GlobalSection(ExtensibilityGlobals) = postSolution
		SolutionGuid = {06BB6495-853B-4F21-8260-1D109F5E7384}
	EndGlobalSection
EndGlobal
