
Microsoft Visual Studio Solution File, Format Version 12.00
# Visual Studio Version 16
VisualStudioVersion = 16.0.31605.320
MinimumVisualStudioVersion = 10.0.40219.1
Project("{FAE04EC0-301F-11D3-BF4B-00C04F79EFBC}") = "01_TypesAndVariables", "01_TypesAndVariables\01_TypesAndVariables.csproj", "{0F4E64BC-DF3C-43B6-B51E-BF69C9C9D7E5}"
EndProject
Project("{FAE04EC0-301F-11D3-BF4B-00C04F79EFBC}") = "02_Operators", "02_Operators\02_Operators.csproj", "{0DE3AEB8-FD7A-4072-9D12-E28DF2ED634B}"
EndProject
Project("{FAE04EC0-301F-11D3-BF4B-00C04F79EFBC}") = "03_Classes", "03_Classes\03_Classes.csproj", "{69B3ADFB-6D24-4B7B-847D-7258AF0914B4}"
EndProject
Project("{FAE04EC0-301F-11D3-BF4B-00C04F79EFBC}") = "00_MorningChallenges", "00_MorningChallenges\00_MorningChallenges.csproj", "{FD54BBD9-3D0B-4EEB-85D2-EEFC540189F1}"
EndProject
Project("{FAE04EC0-301F-11D3-BF4B-00C04F79EFBC}") = "04_Conditionals", "04_Conditionals\04_Conditionals.csproj", "{DD7258E3-FC1B-4C99-A5AE-1A2D22AF1333}"
EndProject
Project("{FAE04EC0-301F-11D3-BF4B-00C04F79EFBC}") = "05_Loops", "05_Loops\05_Loops.csproj", "{E4CB92BE-4F64-4A58-88DC-89E5D715D263}"
EndProject
Project("{FAE04EC0-301F-11D3-BF4B-00C04F79EFBC}") = "06_Inheritance_Classes", "06_Inheritance_Classes\06_Inheritance_Classes.csproj", "{51A74D12-E63E-44B6-AF39-A78CFA2CE125}"
EndProject
Project("{FAE04EC0-301F-11D3-BF4B-00C04F79EFBC}") = "07_Inheritance_Tests", "07_Inheritance_Tests\07_Inheritance_Tests.csproj", "{ADF16282-2E90-4103-BEF3-020136DE9FB0}"
EndProject
Project("{FAE04EC0-301F-11D3-BF4B-00C04F79EFBC}") = "08_RepositoryPattern_Repoistory", "08_RepositoryPattern_Repoistory\08_RepositoryPattern_Repoistory.csproj", "{80B4B980-C83F-4D15-AD32-65B91D5A0457}"
EndProject
Project("{FAE04EC0-301F-11D3-BF4B-00C04F79EFBC}") = "08_RepositoryPattern_Tests", "08_RepositoryPattern_Tests\08_RepositoryPattern_Tests.csproj", "{F85183F9-7DB0-4156-B098-3A2FE2367EC3}"
EndProject
Project("{FAE04EC0-301F-11D3-BF4B-00C04F79EFBC}") = "09_StreamingContent_Inheritance", "09_StreamingContent_Inheritance\09_StreamingContent_Inheritance.csproj", "{50F59142-7775-407F-87F8-23B201D6A9F4}"
EndProject
Project("{FAE04EC0-301F-11D3-BF4B-00C04F79EFBC}") = "10_Interfaces_Introduction", "10_Interfaces_Introduction\10_Interfaces_Introduction.csproj", "{4A6ED255-3DAC-4517-A8B8-B2F837FF05C6}"
EndProject
Project("{FAE04EC0-301F-11D3-BF4B-00C04F79EFBC}") = "10_Interfaces_WorkingWithDI", "10_Interfaces_WorkingWithDI\10_Interfaces_WorkingWithDI.csproj", "{DFF1B4AF-2C13-43DE-BD4B-BA615406CB60}"
EndProject
Project("{FAE04EC0-301F-11D3-BF4B-00C04F79EFBC}") = "10_StreamingContent_UI", "10_StreamingContent_UI\10_StreamingContent_UI.csproj", "{386DE2A1-DF37-4A5C-B03B-96E5CBF0ABCE}"
EndProject
Project("{FAE04EC0-301F-11D3-BF4B-00C04F79EFBC}") = "11_IntroToAPI", "11_IntroToAPI\11_IntroToAPI.csproj", "{012F3681-952D-4299-B207-D0ED378851D3}"
EndProject
Project("{FAE04EC0-301F-11D3-BF4B-00C04F79EFBC}") = "12_Async", "12_Async\12_Async.csproj", "{AA45582B-206C-4C64-B33A-65C3FEC456A0}"
EndProject
Project("{FAE04EC0-301F-11D3-BF4B-00C04F79EFBC}") = "13_RestaurantRater", "13_RestaurantRater\13_RestaurantRater.csproj", "{F8F43961-94C2-4834-8BA1-947762194024}"
EndProject
Global
	GlobalSection(SolutionConfigurationPlatforms) = preSolution
		Debug|Any CPU = Debug|Any CPU
		Release|Any CPU = Release|Any CPU
	EndGlobalSection
	GlobalSection(ProjectConfigurationPlatforms) = postSolution
		{0F4E64BC-DF3C-43B6-B51E-BF69C9C9D7E5}.Debug|Any CPU.ActiveCfg = Debug|Any CPU
		{0F4E64BC-DF3C-43B6-B51E-BF69C9C9D7E5}.Debug|Any CPU.Build.0 = Debug|Any CPU
		{0F4E64BC-DF3C-43B6-B51E-BF69C9C9D7E5}.Release|Any CPU.ActiveCfg = Release|Any CPU
		{0F4E64BC-DF3C-43B6-B51E-BF69C9C9D7E5}.Release|Any CPU.Build.0 = Release|Any CPU
		{0DE3AEB8-FD7A-4072-9D12-E28DF2ED634B}.Debug|Any CPU.ActiveCfg = Debug|Any CPU
		{0DE3AEB8-FD7A-4072-9D12-E28DF2ED634B}.Debug|Any CPU.Build.0 = Debug|Any CPU
		{0DE3AEB8-FD7A-4072-9D12-E28DF2ED634B}.Release|Any CPU.ActiveCfg = Release|Any CPU
		{0DE3AEB8-FD7A-4072-9D12-E28DF2ED634B}.Release|Any CPU.Build.0 = Release|Any CPU
		{69B3ADFB-6D24-4B7B-847D-7258AF0914B4}.Debug|Any CPU.ActiveCfg = Debug|Any CPU
		{69B3ADFB-6D24-4B7B-847D-7258AF0914B4}.Debug|Any CPU.Build.0 = Debug|Any CPU
		{69B3ADFB-6D24-4B7B-847D-7258AF0914B4}.Release|Any CPU.ActiveCfg = Release|Any CPU
		{69B3ADFB-6D24-4B7B-847D-7258AF0914B4}.Release|Any CPU.Build.0 = Release|Any CPU
		{FD54BBD9-3D0B-4EEB-85D2-EEFC540189F1}.Debug|Any CPU.ActiveCfg = Debug|Any CPU
		{FD54BBD9-3D0B-4EEB-85D2-EEFC540189F1}.Debug|Any CPU.Build.0 = Debug|Any CPU
		{FD54BBD9-3D0B-4EEB-85D2-EEFC540189F1}.Release|Any CPU.ActiveCfg = Release|Any CPU
		{FD54BBD9-3D0B-4EEB-85D2-EEFC540189F1}.Release|Any CPU.Build.0 = Release|Any CPU
		{DD7258E3-FC1B-4C99-A5AE-1A2D22AF1333}.Debug|Any CPU.ActiveCfg = Debug|Any CPU
		{DD7258E3-FC1B-4C99-A5AE-1A2D22AF1333}.Debug|Any CPU.Build.0 = Debug|Any CPU
		{DD7258E3-FC1B-4C99-A5AE-1A2D22AF1333}.Release|Any CPU.ActiveCfg = Release|Any CPU
		{DD7258E3-FC1B-4C99-A5AE-1A2D22AF1333}.Release|Any CPU.Build.0 = Release|Any CPU
		{E4CB92BE-4F64-4A58-88DC-89E5D715D263}.Debug|Any CPU.ActiveCfg = Debug|Any CPU
		{E4CB92BE-4F64-4A58-88DC-89E5D715D263}.Debug|Any CPU.Build.0 = Debug|Any CPU
		{E4CB92BE-4F64-4A58-88DC-89E5D715D263}.Release|Any CPU.ActiveCfg = Release|Any CPU
		{E4CB92BE-4F64-4A58-88DC-89E5D715D263}.Release|Any CPU.Build.0 = Release|Any CPU
		{51A74D12-E63E-44B6-AF39-A78CFA2CE125}.Debug|Any CPU.ActiveCfg = Debug|Any CPU
		{51A74D12-E63E-44B6-AF39-A78CFA2CE125}.Debug|Any CPU.Build.0 = Debug|Any CPU
		{51A74D12-E63E-44B6-AF39-A78CFA2CE125}.Release|Any CPU.ActiveCfg = Release|Any CPU
		{51A74D12-E63E-44B6-AF39-A78CFA2CE125}.Release|Any CPU.Build.0 = Release|Any CPU
		{ADF16282-2E90-4103-BEF3-020136DE9FB0}.Debug|Any CPU.ActiveCfg = Debug|Any CPU
		{ADF16282-2E90-4103-BEF3-020136DE9FB0}.Debug|Any CPU.Build.0 = Debug|Any CPU
		{ADF16282-2E90-4103-BEF3-020136DE9FB0}.Release|Any CPU.ActiveCfg = Release|Any CPU
		{ADF16282-2E90-4103-BEF3-020136DE9FB0}.Release|Any CPU.Build.0 = Release|Any CPU
		{80B4B980-C83F-4D15-AD32-65B91D5A0457}.Debug|Any CPU.ActiveCfg = Debug|Any CPU
		{80B4B980-C83F-4D15-AD32-65B91D5A0457}.Debug|Any CPU.Build.0 = Debug|Any CPU
		{80B4B980-C83F-4D15-AD32-65B91D5A0457}.Release|Any CPU.ActiveCfg = Release|Any CPU
		{80B4B980-C83F-4D15-AD32-65B91D5A0457}.Release|Any CPU.Build.0 = Release|Any CPU
		{F85183F9-7DB0-4156-B098-3A2FE2367EC3}.Debug|Any CPU.ActiveCfg = Debug|Any CPU
		{F85183F9-7DB0-4156-B098-3A2FE2367EC3}.Debug|Any CPU.Build.0 = Debug|Any CPU
		{F85183F9-7DB0-4156-B098-3A2FE2367EC3}.Release|Any CPU.ActiveCfg = Release|Any CPU
		{F85183F9-7DB0-4156-B098-3A2FE2367EC3}.Release|Any CPU.Build.0 = Release|Any CPU
		{50F59142-7775-407F-87F8-23B201D6A9F4}.Debug|Any CPU.ActiveCfg = Debug|Any CPU
		{50F59142-7775-407F-87F8-23B201D6A9F4}.Debug|Any CPU.Build.0 = Debug|Any CPU
		{50F59142-7775-407F-87F8-23B201D6A9F4}.Release|Any CPU.ActiveCfg = Release|Any CPU
		{50F59142-7775-407F-87F8-23B201D6A9F4}.Release|Any CPU.Build.0 = Release|Any CPU
		{4A6ED255-3DAC-4517-A8B8-B2F837FF05C6}.Debug|Any CPU.ActiveCfg = Debug|Any CPU
		{4A6ED255-3DAC-4517-A8B8-B2F837FF05C6}.Debug|Any CPU.Build.0 = Debug|Any CPU
		{4A6ED255-3DAC-4517-A8B8-B2F837FF05C6}.Release|Any CPU.ActiveCfg = Release|Any CPU
		{4A6ED255-3DAC-4517-A8B8-B2F837FF05C6}.Release|Any CPU.Build.0 = Release|Any CPU
		{DFF1B4AF-2C13-43DE-BD4B-BA615406CB60}.Debug|Any CPU.ActiveCfg = Debug|Any CPU
		{DFF1B4AF-2C13-43DE-BD4B-BA615406CB60}.Debug|Any CPU.Build.0 = Debug|Any CPU
		{DFF1B4AF-2C13-43DE-BD4B-BA615406CB60}.Release|Any CPU.ActiveCfg = Release|Any CPU
		{DFF1B4AF-2C13-43DE-BD4B-BA615406CB60}.Release|Any CPU.Build.0 = Release|Any CPU
		{386DE2A1-DF37-4A5C-B03B-96E5CBF0ABCE}.Debug|Any CPU.ActiveCfg = Debug|Any CPU
		{386DE2A1-DF37-4A5C-B03B-96E5CBF0ABCE}.Debug|Any CPU.Build.0 = Debug|Any CPU
		{386DE2A1-DF37-4A5C-B03B-96E5CBF0ABCE}.Release|Any CPU.ActiveCfg = Release|Any CPU
		{386DE2A1-DF37-4A5C-B03B-96E5CBF0ABCE}.Release|Any CPU.Build.0 = Release|Any CPU
		{012F3681-952D-4299-B207-D0ED378851D3}.Debug|Any CPU.ActiveCfg = Debug|Any CPU
		{012F3681-952D-4299-B207-D0ED378851D3}.Debug|Any CPU.Build.0 = Debug|Any CPU
		{012F3681-952D-4299-B207-D0ED378851D3}.Release|Any CPU.ActiveCfg = Release|Any CPU
		{012F3681-952D-4299-B207-D0ED378851D3}.Release|Any CPU.Build.0 = Release|Any CPU
		{AA45582B-206C-4C64-B33A-65C3FEC456A0}.Debug|Any CPU.ActiveCfg = Debug|Any CPU
		{AA45582B-206C-4C64-B33A-65C3FEC456A0}.Debug|Any CPU.Build.0 = Debug|Any CPU
		{AA45582B-206C-4C64-B33A-65C3FEC456A0}.Release|Any CPU.ActiveCfg = Release|Any CPU
		{AA45582B-206C-4C64-B33A-65C3FEC456A0}.Release|Any CPU.Build.0 = Release|Any CPU
		{F8F43961-94C2-4834-8BA1-947762194024}.Debug|Any CPU.ActiveCfg = Debug|Any CPU
		{F8F43961-94C2-4834-8BA1-947762194024}.Debug|Any CPU.Build.0 = Debug|Any CPU
		{F8F43961-94C2-4834-8BA1-947762194024}.Release|Any CPU.ActiveCfg = Release|Any CPU
		{F8F43961-94C2-4834-8BA1-947762194024}.Release|Any CPU.Build.0 = Release|Any CPU
	EndGlobalSection
	GlobalSection(SolutionProperties) = preSolution
		HideSolutionNode = FALSE
	EndGlobalSection
	GlobalSection(ExtensibilityGlobals) = postSolution
		SolutionGuid = {06BB6495-853B-4F21-8260-1D109F5E7384}
	EndGlobalSection
EndGlobal
